
Microsoft Visual Studio Solution File, Format Version 12.00
# Visual Studio Version 17
VisualStudioVersion = 17.8.34408.163
MinimumVisualStudioVersion = 10.0.40219.1
Project("{2150E333-8FDC-42A3-9474-1A3956D46DE8}") = "src", "src", "{F2FD81DA-1C08-48F7-BDBD-4B925422C7FE}"
EndProject
Project("{2150E333-8FDC-42A3-9474-1A3956D46DE8}") = "test", "test", "{A036BF9A-D18C-4F4B-BBF1-EA8A2D3562CA}"
EndProject
Project("{2150E333-8FDC-42A3-9474-1A3956D46DE8}") = "API", "API", "{6F985955-3DC6-4C6E-800E-D3CB4049EAB3}"
EndProject
Project("{2150E333-8FDC-42A3-9474-1A3956D46DE8}") = "Core", "Core", "{10D7DC0F-BF5B-4316-9BA7-517C0089AEBE}"
EndProject
Project("{2150E333-8FDC-42A3-9474-1A3956D46DE8}") = "UI", "UI", "{37B00DCA-C77A-41DA-9AC2-4475F981D7A7}"
EndProject
Project("{2150E333-8FDC-42A3-9474-1A3956D46DE8}") = "Infrastructure", "Infrastructure", "{A95FE4F6-18EF-4A96-945B-677C04F3BD27}"
EndProject
Project("{FAE04EC0-301F-11D3-BF4B-00C04F79EFBC}") = "HRLeaveManagement.Domain", "HRLeaveManagement.Domain\HRLeaveManagement.Domain.csproj", "{A6DF68C2-83DD-47FA-87A8-44DFABFA49F3}"
EndProject
Project("{FAE04EC0-301F-11D3-BF4B-00C04F79EFBC}") = "HRLeaveManagement.Application", "HRLeaveManagement.Application\HRLeaveManagement.Application.csproj", "{93201155-BF4C-426F-832F-5F7C41878B0F}"
EndProject
Global
	GlobalSection(SolutionConfigurationPlatforms) = preSolution
		Debug|Any CPU = Debug|Any CPU
		Release|Any CPU = Release|Any CPU
	EndGlobalSection
	GlobalSection(ProjectConfigurationPlatforms) = postSolution
		{A6DF68C2-83DD-47FA-87A8-44DFABFA49F3}.Debug|Any CPU.ActiveCfg = Debug|Any CPU
		{A6DF68C2-83DD-47FA-87A8-44DFABFA49F3}.Debug|Any CPU.Build.0 = Debug|Any CPU
		{A6DF68C2-83DD-47FA-87A8-44DFABFA49F3}.Release|Any CPU.ActiveCfg = Release|Any CPU
		{A6DF68C2-83DD-47FA-87A8-44DFABFA49F3}.Release|Any CPU.Build.0 = Release|Any CPU
		{93201155-BF4C-426F-832F-5F7C41878B0F}.Debug|Any CPU.ActiveCfg = Debug|Any CPU
		{93201155-BF4C-426F-832F-5F7C41878B0F}.Debug|Any CPU.Build.0 = Debug|Any CPU
		{93201155-BF4C-426F-832F-5F7C41878B0F}.Release|Any CPU.ActiveCfg = Release|Any CPU
		{93201155-BF4C-426F-832F-5F7C41878B0F}.Release|Any CPU.Build.0 = Release|Any CPU
	EndGlobalSection
	GlobalSection(SolutionProperties) = preSolution
		HideSolutionNode = FALSE
	EndGlobalSection
	GlobalSection(NestedProjects) = preSolution
		{6F985955-3DC6-4C6E-800E-D3CB4049EAB3} = {F2FD81DA-1C08-48F7-BDBD-4B925422C7FE}
		{10D7DC0F-BF5B-4316-9BA7-517C0089AEBE} = {F2FD81DA-1C08-48F7-BDBD-4B925422C7FE}
		{37B00DCA-C77A-41DA-9AC2-4475F981D7A7} = {F2FD81DA-1C08-48F7-BDBD-4B925422C7FE}
		{A95FE4F6-18EF-4A96-945B-677C04F3BD27} = {F2FD81DA-1C08-48F7-BDBD-4B925422C7FE}
		{A6DF68C2-83DD-47FA-87A8-44DFABFA49F3} = {10D7DC0F-BF5B-4316-9BA7-517C0089AEBE}
		{93201155-BF4C-426F-832F-5F7C41878B0F} = {10D7DC0F-BF5B-4316-9BA7-517C0089AEBE}
	EndGlobalSection
	GlobalSection(ExtensibilityGlobals) = postSolution
		SolutionGuid = {5483DE4E-1103-4E8B-B702-4667F3C59409}
	EndGlobalSection
EndGlobal
